
Microsoft Visual Studio Solution File, Format Version 12.00
# Visual Studio Version 17
VisualStudioVersion = 17.11.35312.102
MinimumVisualStudioVersion = 10.0.40219.1
Project("{FAE04EC0-301F-11D3-BF4B-00C04F79EFBC}") = "test", "test\test.csproj", "{A5F6BEE2-4B00-4B0C-B665-D5DF7AFA9EAE}"
EndProject
Project("{FAE04EC0-301F-11D3-BF4B-00C04F79EFBC}") = "btvn_02", "..\btvn_02\btvn_02.csproj", "{4611BC29-5724-4FF2-820D-65A8FCA3D5A1}"
EndProject
Global
	GlobalSection(SolutionConfigurationPlatforms) = preSolution
		Debug|Any CPU = Debug|Any CPU
		Release|Any CPU = Release|Any CPU
	EndGlobalSection
	GlobalSection(ProjectConfigurationPlatforms) = postSolution
		{A5F6BEE2-4B00-4B0C-B665-D5DF7AFA9EAE}.Debug|Any CPU.ActiveCfg = Debug|Any CPU
		{A5F6BEE2-4B00-4B0C-B665-D5DF7AFA9EAE}.Debug|Any CPU.Build.0 = Debug|Any CPU
		{A5F6BEE2-4B00-4B0C-B665-D5DF7AFA9EAE}.Release|Any CPU.ActiveCfg = Release|Any CPU
		{A5F6BEE2-4B00-4B0C-B665-D5DF7AFA9EAE}.Release|Any CPU.Build.0 = Release|Any CPU
		{4611BC29-5724-4FF2-820D-65A8FCA3D5A1}.Debug|Any CPU.ActiveCfg = Debug|Any CPU
		{4611BC29-5724-4FF2-820D-65A8FCA3D5A1}.Debug|Any CPU.Build.0 = Debug|Any CPU
		{4611BC29-5724-4FF2-820D-65A8FCA3D5A1}.Release|Any CPU.ActiveCfg = Release|Any CPU
		{4611BC29-5724-4FF2-820D-65A8FCA3D5A1}.Release|Any CPU.Build.0 = Release|Any CPU
	EndGlobalSection
	GlobalSection(SolutionProperties) = preSolution
		HideSolutionNode = FALSE
	EndGlobalSection
	GlobalSection(ExtensibilityGlobals) = postSolution
		SolutionGuid = {2FA04E72-F31C-4B27-96FC-8C11D0614ABE}
	EndGlobalSection
EndGlobal
